
Microsoft Visual Studio Solution File, Format Version 12.00
# Visual Studio Version 17
Project("{8BC9CEB8-8B4A-11D0-8D11-00A0C91BC942}") = "ALL_BUILD", "ALL_BUILD.vcxproj", "{C944F4F1-A405-33A9-BC44-9E92F0A288C9}"
	ProjectSection(ProjectDependencies) = postProject
		{38234D2B-F9A3-370C-BD51-4E6F52B1E98E} = {38234D2B-F9A3-370C-BD51-4E6F52B1E98E}
		{638134DA-3ACB-3A2B-B0A4-2B9334491E9A} = {638134DA-3ACB-3A2B-B0A4-2B9334491E9A}
		{7D332247-747A-3838-91CB-A6732BB1C4B8} = {7D332247-747A-3838-91CB-A6732BB1C4B8}
		{531D9B6C-075B-32F6-AE6A-0BD709F3C55A} = {531D9B6C-075B-32F6-AE6A-0BD709F3C55A}
		{42AFAB5D-D198-3526-A39F-ED00CEF88AC1} = {42AFAB5D-D198-3526-A39F-ED00CEF88AC1}
		{F61D3F65-86C4-3C12-B1CC-A196D2DCB70C} = {F61D3F65-86C4-3C12-B1CC-A196D2DCB70C}
		{1CC8DDD9-852D-373C-BC32-ED3D9E3562D4} = {1CC8DDD9-852D-373C-BC32-ED3D9E3562D4}
		{4D608FC9-1517-3F28-A9ED-412A2FF9EA48} = {4D608FC9-1517-3F28-A9ED-412A2FF9EA48}
		{455198DA-5DDF-32AD-B573-B608E5653998} = {455198DA-5DDF-32AD-B573-B608E5653998}
		{F22E8CEC-C957-3D7F-9890-BD8C2406D7D4} = {F22E8CEC-C957-3D7F-9890-BD8C2406D7D4}
		{DD3FB380-0D37-33E5-8476-0ABDA535F435} = {DD3FB380-0D37-33E5-8476-0ABDA535F435}
		{818686D9-60C3-303D-AF67-121FF122E127} = {818686D9-60C3-303D-AF67-121FF122E127}
		{DAD2BBF5-3B17-3517-8433-047E0C6E26B4} = {DAD2BBF5-3B17-3517-8433-047E0C6E26B4}
		{61AEC050-345C-3B5A-8A01-05AEA5A6C0B4} = {61AEC050-345C-3B5A-8A01-05AEA5A6C0B4}
		{3BBE8F9F-2853-3EC4-8D9B-C9F304555CDC} = {3BBE8F9F-2853-3EC4-8D9B-C9F304555CDC}
		{D3BF8D73-5D55-3A1F-BF05-FCAA20194CDE} = {D3BF8D73-5D55-3A1F-BF05-FCAA20194CDE}
		{B127AA1D-EF28-3C42-B197-62088817E5D9} = {B127AA1D-EF28-3C42-B197-62088817E5D9}
		{B3C6A897-B9F1-3AD3-9B44-CF93A74F46BC} = {B3C6A897-B9F1-3AD3-9B44-CF93A74F46BC}
	EndProjectSection
EndProject
Project("{8BC9CEB8-8B4A-11D0-8D11-00A0C91BC942}") = "INSTALL", "INSTALL.vcxproj", "{D0D474E9-B384-378A-9554-69C1EC7635CC}"
	ProjectSection(ProjectDependencies) = postProject
		{C944F4F1-A405-33A9-BC44-9E92F0A288C9} = {C944F4F1-A405-33A9-BC44-9E92F0A288C9}
		{38234D2B-F9A3-370C-BD51-4E6F52B1E98E} = {38234D2B-F9A3-370C-BD51-4E6F52B1E98E}
	EndProjectSection
EndProject
Project("{8BC9CEB8-8B4A-11D0-8D11-00A0C91BC942}") = "PACKAGE", "PACKAGE.vcxproj", "{314F92FA-D518-34CC-A032-D11688A8C054}"
	ProjectSection(ProjectDependencies) = postProject
		{C944F4F1-A405-33A9-BC44-9E92F0A288C9} = {C944F4F1-A405-33A9-BC44-9E92F0A288C9}
		{38234D2B-F9A3-370C-BD51-4E6F52B1E98E} = {38234D2B-F9A3-370C-BD51-4E6F52B1E98E}
	EndProjectSection
EndProject
Project("{8BC9CEB8-8B4A-11D0-8D11-00A0C91BC942}") = "RUN_TESTS", "RUN_TESTS.vcxproj", "{430D4E2E-A5EA-3DCF-B441-851FCF7FFD06}"
	ProjectSection(ProjectDependencies) = postProject
		{38234D2B-F9A3-370C-BD51-4E6F52B1E98E} = {38234D2B-F9A3-370C-BD51-4E6F52B1E98E}
	EndProjectSection
EndProject
Project("{8BC9CEB8-8B4A-11D0-8D11-00A0C91BC942}") = "ZERO_CHECK", "ZERO_CHECK.vcxproj", "{38234D2B-F9A3-370C-BD51-4E6F52B1E98E}"
	ProjectSection(ProjectDependencies) = postProject
	EndProjectSection
EndProject
Project("{8BC9CEB8-8B4A-11D0-8D11-00A0C91BC942}") = "dcmcore", "source\dcmcore\dcmcore.vcxproj", "{638134DA-3ACB-3A2B-B0A4-2B9334491E9A}"
	ProjectSection(ProjectDependencies) = postProject
		{38234D2B-F9A3-370C-BD51-4E6F52B1E98E} = {38234D2B-F9A3-370C-BD51-4E6F52B1E98E}
	EndProjectSection
EndProject
Project("{8BC9CEB8-8B4A-11D0-8D11-00A0C91BC942}") = "dcmcore_TestDcmCharSet", "source\dcmcore\dcmcore_TestDcmCharSet.vcxproj", "{7D332247-747A-3838-91CB-A6732BB1C4B8}"
	ProjectSection(ProjectDependencies) = postProject
		{38234D2B-F9A3-370C-BD51-4E6F52B1E98E} = {38234D2B-F9A3-370C-BD51-4E6F52B1E98E}
		{638134DA-3ACB-3A2B-B0A4-2B9334491E9A} = {638134DA-3ACB-3A2B-B0A4-2B9334491E9A}
	EndProjectSection
EndProject
Project("{8BC9CEB8-8B4A-11D0-8D11-00A0C91BC942}") = "dcmcore_TestDcmDictionary", "source\dcmcore\dcmcore_TestDcmDictionary.vcxproj", "{531D9B6C-075B-32F6-AE6A-0BD709F3C55A}"
	ProjectSection(ProjectDependencies) = postProject
		{38234D2B-F9A3-370C-BD51-4E6F52B1E98E} = {38234D2B-F9A3-370C-BD51-4E6F52B1E98E}
		{638134DA-3ACB-3A2B-B0A4-2B9334491E9A} = {638134DA-3ACB-3A2B-B0A4-2B9334491E9A}
	EndProjectSection
EndProject
Project("{8BC9CEB8-8B4A-11D0-8D11-00A0C91BC942}") = "dcmcore_TestDcmReader", "source\dcmcore\dcmcore_TestDcmReader.vcxproj", "{42AFAB5D-D198-3526-A39F-ED00CEF88AC1}"
	ProjectSection(ProjectDependencies) = postProject
		{38234D2B-F9A3-370C-BD51-4E6F52B1E98E} = {38234D2B-F9A3-370C-BD51-4E6F52B1E98E}
		{638134DA-3ACB-3A2B-B0A4-2B9334491E9A} = {638134DA-3ACB-3A2B-B0A4-2B9334491E9A}
	EndProjectSection
EndProject
Project("{8BC9CEB8-8B4A-11D0-8D11-00A0C91BC942}") = "dcmcore_TestDcmTagGroup", "source\dcmcore\dcmcore_TestDcmTagGroup.vcxproj", "{F61D3F65-86C4-3C12-B1CC-A196D2DCB70C}"
	ProjectSection(ProjectDependencies) = postProject
		{38234D2B-F9A3-370C-BD51-4E6F52B1E98E} = {38234D2B-F9A3-370C-BD51-4E6F52B1E98E}
		{638134DA-3ACB-3A2B-B0A4-2B9334491E9A} = {638134DA-3ACB-3A2B-B0A4-2B9334491E9A}
	EndProjectSection
EndProject
Project("{8BC9CEB8-8B4A-11D0-8D11-00A0C91BC942}") = "dcmcore_TestDcmTagKey", "source\dcmcore\dcmcore_TestDcmTagKey.vcxproj", "{1CC8DDD9-852D-373C-BC32-ED3D9E3562D4}"
	ProjectSection(ProjectDependencies) = postProject
		{38234D2B-F9A3-370C-BD51-4E6F52B1E98E} = {38234D2B-F9A3-370C-BD51-4E6F52B1E98E}
		{638134DA-3ACB-3A2B-B0A4-2B9334491E9A} = {638134DA-3ACB-3A2B-B0A4-2B9334491E9A}
	EndProjectSection
EndProject
Project("{8BC9CEB8-8B4A-11D0-8D11-00A0C91BC942}") = "dcmcore_TestDcmTagSequence", "source\dcmcore\dcmcore_TestDcmTagSequence.vcxproj", "{4D608FC9-1517-3F28-A9ED-412A2FF9EA48}"
	ProjectSection(ProjectDependencies) = postProject
		{38234D2B-F9A3-370C-BD51-4E6F52B1E98E} = {38234D2B-F9A3-370C-BD51-4E6F52B1E98E}
		{638134DA-3ACB-3A2B-B0A4-2B9334491E9A} = {638134DA-3ACB-3A2B-B0A4-2B9334491E9A}
	EndProjectSection
EndProject
Project("{8BC9CEB8-8B4A-11D0-8D11-00A0C91BC942}") = "dcmcore_TestDcmTagString", "source\dcmcore\dcmcore_TestDcmTagString.vcxproj", "{455198DA-5DDF-32AD-B573-B608E5653998}"
	ProjectSection(ProjectDependencies) = postProject
		{38234D2B-F9A3-370C-BD51-4E6F52B1E98E} = {38234D2B-F9A3-370C-BD51-4E6F52B1E98E}
		{638134DA-3ACB-3A2B-B0A4-2B9334491E9A} = {638134DA-3ACB-3A2B-B0A4-2B9334491E9A}
	EndProjectSection
EndProject
Project("{8BC9CEB8-8B4A-11D0-8D11-00A0C91BC942}") = "dcmcore_TestDcmTags", "source\dcmcore\dcmcore_TestDcmTags.vcxproj", "{F22E8CEC-C957-3D7F-9890-BD8C2406D7D4}"
	ProjectSection(ProjectDependencies) = postProject
		{38234D2B-F9A3-370C-BD51-4E6F52B1E98E} = {38234D2B-F9A3-370C-BD51-4E6F52B1E98E}
		{638134DA-3ACB-3A2B-B0A4-2B9334491E9A} = {638134DA-3ACB-3A2B-B0A4-2B9334491E9A}
	EndProjectSection
EndProject
Project("{8BC9CEB8-8B4A-11D0-8D11-00A0C91BC942}") = "dcmcore_TestDcmTransferSyntax", "source\dcmcore\dcmcore_TestDcmTransferSyntax.vcxproj", "{DD3FB380-0D37-33E5-8476-0ABDA535F435}"
	ProjectSection(ProjectDependencies) = postProject
		{38234D2B-F9A3-370C-BD51-4E6F52B1E98E} = {38234D2B-F9A3-370C-BD51-4E6F52B1E98E}
		{638134DA-3ACB-3A2B-B0A4-2B9334491E9A} = {638134DA-3ACB-3A2B-B0A4-2B9334491E9A}
	EndProjectSection
EndProject
Project("{8BC9CEB8-8B4A-11D0-8D11-00A0C91BC942}") = "dcmcore_TestDcmVr", "source\dcmcore\dcmcore_TestDcmVr.vcxproj", "{818686D9-60C3-303D-AF67-121FF122E127}"
	ProjectSection(ProjectDependencies) = postProject
		{38234D2B-F9A3-370C-BD51-4E6F52B1E98E} = {38234D2B-F9A3-370C-BD51-4E6F52B1E98E}
		{638134DA-3ACB-3A2B-B0A4-2B9334491E9A} = {638134DA-3ACB-3A2B-B0A4-2B9334491E9A}
	EndProjectSection
EndProject
Project("{8BC9CEB8-8B4A-11D0-8D11-00A0C91BC942}") = "dcmimage", "source\dcmimage\dcmimage.vcxproj", "{DAD2BBF5-3B17-3517-8433-047E0C6E26B4}"
	ProjectSection(ProjectDependencies) = postProject
		{38234D2B-F9A3-370C-BD51-4E6F52B1E98E} = {38234D2B-F9A3-370C-BD51-4E6F52B1E98E}
		{638134DA-3ACB-3A2B-B0A4-2B9334491E9A} = {638134DA-3ACB-3A2B-B0A4-2B9334491E9A}
	EndProjectSection
EndProject
Project("{8BC9CEB8-8B4A-11D0-8D11-00A0C91BC942}") = "dcmimage_TestDcmImage", "source\dcmimage\dcmimage_TestDcmImage.vcxproj", "{61AEC050-345C-3B5A-8A01-05AEA5A6C0B4}"
	ProjectSection(ProjectDependencies) = postProject
		{38234D2B-F9A3-370C-BD51-4E6F52B1E98E} = {38234D2B-F9A3-370C-BD51-4E6F52B1E98E}
		{638134DA-3ACB-3A2B-B0A4-2B9334491E9A} = {638134DA-3ACB-3A2B-B0A4-2B9334491E9A}
		{DAD2BBF5-3B17-3517-8433-047E0C6E26B4} = {DAD2BBF5-3B17-3517-8433-047E0C6E26B4}
	EndProjectSection
EndProject
Project("{8BC9CEB8-8B4A-11D0-8D11-00A0C91BC942}") = "dcmimage_TestDcmImageTransferFunction", "source\dcmimage\dcmimage_TestDcmImageTransferFunction.vcxproj", "{3BBE8F9F-2853-3EC4-8D9B-C9F304555CDC}"
	ProjectSection(ProjectDependencies) = postProject
		{38234D2B-F9A3-370C-BD51-4E6F52B1E98E} = {38234D2B-F9A3-370C-BD51-4E6F52B1E98E}
		{638134DA-3ACB-3A2B-B0A4-2B9334491E9A} = {638134DA-3ACB-3A2B-B0A4-2B9334491E9A}
		{DAD2BBF5-3B17-3517-8433-047E0C6E26B4} = {DAD2BBF5-3B17-3517-8433-047E0C6E26B4}
	EndProjectSection
EndProject
Project("{8BC9CEB8-8B4A-11D0-8D11-00A0C91BC942}") = "dcmmod", "source\dcmmod\dcmmod.vcxproj", "{D3BF8D73-5D55-3A1F-BF05-FCAA20194CDE}"
	ProjectSection(ProjectDependencies) = postProject
		{38234D2B-F9A3-370C-BD51-4E6F52B1E98E} = {38234D2B-F9A3-370C-BD51-4E6F52B1E98E}
		{638134DA-3ACB-3A2B-B0A4-2B9334491E9A} = {638134DA-3ACB-3A2B-B0A4-2B9334491E9A}
	EndProjectSection
EndProject
Project("{8BC9CEB8-8B4A-11D0-8D11-00A0C91BC942}") = "dcmmod_TestDcmModules", "source\dcmmod\dcmmod_TestDcmModules.vcxproj", "{B127AA1D-EF28-3C42-B197-62088817E5D9}"
	ProjectSection(ProjectDependencies) = postProject
		{38234D2B-F9A3-370C-BD51-4E6F52B1E98E} = {38234D2B-F9A3-370C-BD51-4E6F52B1E98E}
		{638134DA-3ACB-3A2B-B0A4-2B9334491E9A} = {638134DA-3ACB-3A2B-B0A4-2B9334491E9A}
		{D3BF8D73-5D55-3A1F-BF05-FCAA20194CDE} = {D3BF8D73-5D55-3A1F-BF05-FCAA20194CDE}
	EndProjectSection
EndProject
Project("{8BC9CEB8-8B4A-11D0-8D11-00A0C91BC942}") = "dcmview", "tools\dcmview\dcmview.vcxproj", "{B3C6A897-B9F1-3AD3-9B44-CF93A74F46BC}"
	ProjectSection(ProjectDependencies) = postProject
		{38234D2B-F9A3-370C-BD51-4E6F52B1E98E} = {38234D2B-F9A3-370C-BD51-4E6F52B1E98E}
		{638134DA-3ACB-3A2B-B0A4-2B9334491E9A} = {638134DA-3ACB-3A2B-B0A4-2B9334491E9A}
		{DAD2BBF5-3B17-3517-8433-047E0C6E26B4} = {DAD2BBF5-3B17-3517-8433-047E0C6E26B4}
	EndProjectSection
EndProject
Global
	GlobalSection(SolutionConfigurationPlatforms) = preSolution
		Debug|x64 = Debug|x64
		Release|x64 = Release|x64
		MinSizeRel|x64 = MinSizeRel|x64
		RelWithDebInfo|x64 = RelWithDebInfo|x64
	EndGlobalSection
	GlobalSection(ProjectConfigurationPlatforms) = postSolution
		{C944F4F1-A405-33A9-BC44-9E92F0A288C9}.Debug|x64.ActiveCfg = Debug|x64
		{C944F4F1-A405-33A9-BC44-9E92F0A288C9}.Debug|x64.Build.0 = Debug|x64
		{C944F4F1-A405-33A9-BC44-9E92F0A288C9}.Release|x64.ActiveCfg = Release|x64
		{C944F4F1-A405-33A9-BC44-9E92F0A288C9}.Release|x64.Build.0 = Release|x64
		{C944F4F1-A405-33A9-BC44-9E92F0A288C9}.MinSizeRel|x64.ActiveCfg = MinSizeRel|x64
		{C944F4F1-A405-33A9-BC44-9E92F0A288C9}.MinSizeRel|x64.Build.0 = MinSizeRel|x64
		{C944F4F1-A405-33A9-BC44-9E92F0A288C9}.RelWithDebInfo|x64.ActiveCfg = RelWithDebInfo|x64
		{C944F4F1-A405-33A9-BC44-9E92F0A288C9}.RelWithDebInfo|x64.Build.0 = RelWithDebInfo|x64
		{D0D474E9-B384-378A-9554-69C1EC7635CC}.Debug|x64.ActiveCfg = Debug|x64
		{D0D474E9-B384-378A-9554-69C1EC7635CC}.Release|x64.ActiveCfg = Release|x64
		{D0D474E9-B384-378A-9554-69C1EC7635CC}.MinSizeRel|x64.ActiveCfg = MinSizeRel|x64
		{D0D474E9-B384-378A-9554-69C1EC7635CC}.RelWithDebInfo|x64.ActiveCfg = RelWithDebInfo|x64
		{314F92FA-D518-34CC-A032-D11688A8C054}.Debug|x64.ActiveCfg = Debug|x64
		{314F92FA-D518-34CC-A032-D11688A8C054}.Release|x64.ActiveCfg = Release|x64
		{314F92FA-D518-34CC-A032-D11688A8C054}.MinSizeRel|x64.ActiveCfg = MinSizeRel|x64
		{314F92FA-D518-34CC-A032-D11688A8C054}.RelWithDebInfo|x64.ActiveCfg = RelWithDebInfo|x64
		{430D4E2E-A5EA-3DCF-B441-851FCF7FFD06}.Debug|x64.ActiveCfg = Debug|x64
		{430D4E2E-A5EA-3DCF-B441-851FCF7FFD06}.Release|x64.ActiveCfg = Release|x64
		{430D4E2E-A5EA-3DCF-B441-851FCF7FFD06}.MinSizeRel|x64.ActiveCfg = MinSizeRel|x64
		{430D4E2E-A5EA-3DCF-B441-851FCF7FFD06}.RelWithDebInfo|x64.ActiveCfg = RelWithDebInfo|x64
		{38234D2B-F9A3-370C-BD51-4E6F52B1E98E}.Debug|x64.ActiveCfg = Debug|x64
		{38234D2B-F9A3-370C-BD51-4E6F52B1E98E}.Debug|x64.Build.0 = Debug|x64
		{38234D2B-F9A3-370C-BD51-4E6F52B1E98E}.Release|x64.ActiveCfg = Release|x64
		{38234D2B-F9A3-370C-BD51-4E6F52B1E98E}.Release|x64.Build.0 = Release|x64
		{38234D2B-F9A3-370C-BD51-4E6F52B1E98E}.MinSizeRel|x64.ActiveCfg = MinSizeRel|x64
		{38234D2B-F9A3-370C-BD51-4E6F52B1E98E}.MinSizeRel|x64.Build.0 = MinSizeRel|x64
		{38234D2B-F9A3-370C-BD51-4E6F52B1E98E}.RelWithDebInfo|x64.ActiveCfg = RelWithDebInfo|x64
		{38234D2B-F9A3-370C-BD51-4E6F52B1E98E}.RelWithDebInfo|x64.Build.0 = RelWithDebInfo|x64
		{638134DA-3ACB-3A2B-B0A4-2B9334491E9A}.Debug|x64.ActiveCfg = Debug|x64
		{638134DA-3ACB-3A2B-B0A4-2B9334491E9A}.Debug|x64.Build.0 = Debug|x64
		{638134DA-3ACB-3A2B-B0A4-2B9334491E9A}.Release|x64.ActiveCfg = Release|x64
		{638134DA-3ACB-3A2B-B0A4-2B9334491E9A}.Release|x64.Build.0 = Release|x64
		{638134DA-3ACB-3A2B-B0A4-2B9334491E9A}.MinSizeRel|x64.ActiveCfg = MinSizeRel|x64
		{638134DA-3ACB-3A2B-B0A4-2B9334491E9A}.MinSizeRel|x64.Build.0 = MinSizeRel|x64
		{638134DA-3ACB-3A2B-B0A4-2B9334491E9A}.RelWithDebInfo|x64.ActiveCfg = RelWithDebInfo|x64
		{638134DA-3ACB-3A2B-B0A4-2B9334491E9A}.RelWithDebInfo|x64.Build.0 = RelWithDebInfo|x64
		{7D332247-747A-3838-91CB-A6732BB1C4B8}.Debug|x64.ActiveCfg = Debug|x64
		{7D332247-747A-3838-91CB-A6732BB1C4B8}.Debug|x64.Build.0 = Debug|x64
		{7D332247-747A-3838-91CB-A6732BB1C4B8}.Release|x64.ActiveCfg = Release|x64
		{7D332247-747A-3838-91CB-A6732BB1C4B8}.Release|x64.Build.0 = Release|x64
		{7D332247-747A-3838-91CB-A6732BB1C4B8}.MinSizeRel|x64.ActiveCfg = MinSizeRel|x64
		{7D332247-747A-3838-91CB-A6732BB1C4B8}.MinSizeRel|x64.Build.0 = MinSizeRel|x64
		{7D332247-747A-3838-91CB-A6732BB1C4B8}.RelWithDebInfo|x64.ActiveCfg = RelWithDebInfo|x64
		{7D332247-747A-3838-91CB-A6732BB1C4B8}.RelWithDebInfo|x64.Build.0 = RelWithDebInfo|x64
		{531D9B6C-075B-32F6-AE6A-0BD709F3C55A}.Debug|x64.ActiveCfg = Debug|x64
		{531D9B6C-075B-32F6-AE6A-0BD709F3C55A}.Debug|x64.Build.0 = Debug|x64
		{531D9B6C-075B-32F6-AE6A-0BD709F3C55A}.Release|x64.ActiveCfg = Release|x64
		{531D9B6C-075B-32F6-AE6A-0BD709F3C55A}.Release|x64.Build.0 = Release|x64
		{531D9B6C-075B-32F6-AE6A-0BD709F3C55A}.MinSizeRel|x64.ActiveCfg = MinSizeRel|x64
		{531D9B6C-075B-32F6-AE6A-0BD709F3C55A}.MinSizeRel|x64.Build.0 = MinSizeRel|x64
		{531D9B6C-075B-32F6-AE6A-0BD709F3C55A}.RelWithDebInfo|x64.ActiveCfg = RelWithDebInfo|x64
		{531D9B6C-075B-32F6-AE6A-0BD709F3C55A}.RelWithDebInfo|x64.Build.0 = RelWithDebInfo|x64
		{42AFAB5D-D198-3526-A39F-ED00CEF88AC1}.Debug|x64.ActiveCfg = Debug|x64
		{42AFAB5D-D198-3526-A39F-ED00CEF88AC1}.Debug|x64.Build.0 = Debug|x64
		{42AFAB5D-D198-3526-A39F-ED00CEF88AC1}.Release|x64.ActiveCfg = Release|x64
		{42AFAB5D-D198-3526-A39F-ED00CEF88AC1}.Release|x64.Build.0 = Release|x64
		{42AFAB5D-D198-3526-A39F-ED00CEF88AC1}.MinSizeRel|x64.ActiveCfg = MinSizeRel|x64
		{42AFAB5D-D198-3526-A39F-ED00CEF88AC1}.MinSizeRel|x64.Build.0 = MinSizeRel|x64
		{42AFAB5D-D198-3526-A39F-ED00CEF88AC1}.RelWithDebInfo|x64.ActiveCfg = RelWithDebInfo|x64
		{42AFAB5D-D198-3526-A39F-ED00CEF88AC1}.RelWithDebInfo|x64.Build.0 = RelWithDebInfo|x64
		{F61D3F65-86C4-3C12-B1CC-A196D2DCB70C}.Debug|x64.ActiveCfg = Debug|x64
		{F61D3F65-86C4-3C12-B1CC-A196D2DCB70C}.Debug|x64.Build.0 = Debug|x64
		{F61D3F65-86C4-3C12-B1CC-A196D2DCB70C}.Release|x64.ActiveCfg = Release|x64
		{F61D3F65-86C4-3C12-B1CC-A196D2DCB70C}.Release|x64.Build.0 = Release|x64
		{F61D3F65-86C4-3C12-B1CC-A196D2DCB70C}.MinSizeRel|x64.ActiveCfg = MinSizeRel|x64
		{F61D3F65-86C4-3C12-B1CC-A196D2DCB70C}.MinSizeRel|x64.Build.0 = MinSizeRel|x64
		{F61D3F65-86C4-3C12-B1CC-A196D2DCB70C}.RelWithDebInfo|x64.ActiveCfg = RelWithDebInfo|x64
		{F61D3F65-86C4-3C12-B1CC-A196D2DCB70C}.RelWithDebInfo|x64.Build.0 = RelWithDebInfo|x64
		{1CC8DDD9-852D-373C-BC32-ED3D9E3562D4}.Debug|x64.ActiveCfg = Debug|x64
		{1CC8DDD9-852D-373C-BC32-ED3D9E3562D4}.Debug|x64.Build.0 = Debug|x64
		{1CC8DDD9-852D-373C-BC32-ED3D9E3562D4}.Release|x64.ActiveCfg = Release|x64
		{1CC8DDD9-852D-373C-BC32-ED3D9E3562D4}.Release|x64.Build.0 = Release|x64
		{1CC8DDD9-852D-373C-BC32-ED3D9E3562D4}.MinSizeRel|x64.ActiveCfg = MinSizeRel|x64
		{1CC8DDD9-852D-373C-BC32-ED3D9E3562D4}.MinSizeRel|x64.Build.0 = MinSizeRel|x64
		{1CC8DDD9-852D-373C-BC32-ED3D9E3562D4}.RelWithDebInfo|x64.ActiveCfg = RelWithDebInfo|x64
		{1CC8DDD9-852D-373C-BC32-ED3D9E3562D4}.RelWithDebInfo|x64.Build.0 = RelWithDebInfo|x64
		{4D608FC9-1517-3F28-A9ED-412A2FF9EA48}.Debug|x64.ActiveCfg = Debug|x64
		{4D608FC9-1517-3F28-A9ED-412A2FF9EA48}.Debug|x64.Build.0 = Debug|x64
		{4D608FC9-1517-3F28-A9ED-412A2FF9EA48}.Release|x64.ActiveCfg = Release|x64
		{4D608FC9-1517-3F28-A9ED-412A2FF9EA48}.Release|x64.Build.0 = Release|x64
		{4D608FC9-1517-3F28-A9ED-412A2FF9EA48}.MinSizeRel|x64.ActiveCfg = MinSizeRel|x64
		{4D608FC9-1517-3F28-A9ED-412A2FF9EA48}.MinSizeRel|x64.Build.0 = MinSizeRel|x64
		{4D608FC9-1517-3F28-A9ED-412A2FF9EA48}.RelWithDebInfo|x64.ActiveCfg = RelWithDebInfo|x64
		{4D608FC9-1517-3F28-A9ED-412A2FF9EA48}.RelWithDebInfo|x64.Build.0 = RelWithDebInfo|x64
		{455198DA-5DDF-32AD-B573-B608E5653998}.Debug|x64.ActiveCfg = Debug|x64
		{455198DA-5DDF-32AD-B573-B608E5653998}.Debug|x64.Build.0 = Debug|x64
		{455198DA-5DDF-32AD-B573-B608E5653998}.Release|x64.ActiveCfg = Release|x64
		{455198DA-5DDF-32AD-B573-B608E5653998}.Release|x64.Build.0 = Release|x64
		{455198DA-5DDF-32AD-B573-B608E5653998}.MinSizeRel|x64.ActiveCfg = MinSizeRel|x64
		{455198DA-5DDF-32AD-B573-B608E5653998}.MinSizeRel|x64.Build.0 = MinSizeRel|x64
		{455198DA-5DDF-32AD-B573-B608E5653998}.RelWithDebInfo|x64.ActiveCfg = RelWithDebInfo|x64
		{455198DA-5DDF-32AD-B573-B608E5653998}.RelWithDebInfo|x64.Build.0 = RelWithDebInfo|x64
		{F22E8CEC-C957-3D7F-9890-BD8C2406D7D4}.Debug|x64.ActiveCfg = Debug|x64
		{F22E8CEC-C957-3D7F-9890-BD8C2406D7D4}.Debug|x64.Build.0 = Debug|x64
		{F22E8CEC-C957-3D7F-9890-BD8C2406D7D4}.Release|x64.ActiveCfg = Release|x64
		{F22E8CEC-C957-3D7F-9890-BD8C2406D7D4}.Release|x64.Build.0 = Release|x64
		{F22E8CEC-C957-3D7F-9890-BD8C2406D7D4}.MinSizeRel|x64.ActiveCfg = MinSizeRel|x64
		{F22E8CEC-C957-3D7F-9890-BD8C2406D7D4}.MinSizeRel|x64.Build.0 = MinSizeRel|x64
		{F22E8CEC-C957-3D7F-9890-BD8C2406D7D4}.RelWithDebInfo|x64.ActiveCfg = RelWithDebInfo|x64
		{F22E8CEC-C957-3D7F-9890-BD8C2406D7D4}.RelWithDebInfo|x64.Build.0 = RelWithDebInfo|x64
		{DD3FB380-0D37-33E5-8476-0ABDA535F435}.Debug|x64.ActiveCfg = Debug|x64
		{DD3FB380-0D37-33E5-8476-0ABDA535F435}.Debug|x64.Build.0 = Debug|x64
		{DD3FB380-0D37-33E5-8476-0ABDA535F435}.Release|x64.ActiveCfg = Release|x64
		{DD3FB380-0D37-33E5-8476-0ABDA535F435}.Release|x64.Build.0 = Release|x64
		{DD3FB380-0D37-33E5-8476-0ABDA535F435}.MinSizeRel|x64.ActiveCfg = MinSizeRel|x64
		{DD3FB380-0D37-33E5-8476-0ABDA535F435}.MinSizeRel|x64.Build.0 = MinSizeRel|x64
		{DD3FB380-0D37-33E5-8476-0ABDA535F435}.RelWithDebInfo|x64.ActiveCfg = RelWithDebInfo|x64
		{DD3FB380-0D37-33E5-8476-0ABDA535F435}.RelWithDebInfo|x64.Build.0 = RelWithDebInfo|x64
		{818686D9-60C3-303D-AF67-121FF122E127}.Debug|x64.ActiveCfg = Debug|x64
		{818686D9-60C3-303D-AF67-121FF122E127}.Debug|x64.Build.0 = Debug|x64
		{818686D9-60C3-303D-AF67-121FF122E127}.Release|x64.ActiveCfg = Release|x64
		{818686D9-60C3-303D-AF67-121FF122E127}.Release|x64.Build.0 = Release|x64
		{818686D9-60C3-303D-AF67-121FF122E127}.MinSizeRel|x64.ActiveCfg = MinSizeRel|x64
		{818686D9-60C3-303D-AF67-121FF122E127}.MinSizeRel|x64.Build.0 = MinSizeRel|x64
		{818686D9-60C3-303D-AF67-121FF122E127}.RelWithDebInfo|x64.ActiveCfg = RelWithDebInfo|x64
		{818686D9-60C3-303D-AF67-121FF122E127}.RelWithDebInfo|x64.Build.0 = RelWithDebInfo|x64
		{DAD2BBF5-3B17-3517-8433-047E0C6E26B4}.Debug|x64.ActiveCfg = Debug|x64
		{DAD2BBF5-3B17-3517-8433-047E0C6E26B4}.Debug|x64.Build.0 = Debug|x64
		{DAD2BBF5-3B17-3517-8433-047E0C6E26B4}.Release|x64.ActiveCfg = Release|x64
		{DAD2BBF5-3B17-3517-8433-047E0C6E26B4}.Release|x64.Build.0 = Release|x64
		{DAD2BBF5-3B17-3517-8433-047E0C6E26B4}.MinSizeRel|x64.ActiveCfg = MinSizeRel|x64
		{DAD2BBF5-3B17-3517-8433-047E0C6E26B4}.MinSizeRel|x64.Build.0 = MinSizeRel|x64
		{DAD2BBF5-3B17-3517-8433-047E0C6E26B4}.RelWithDebInfo|x64.ActiveCfg = RelWithDebInfo|x64
		{DAD2BBF5-3B17-3517-8433-047E0C6E26B4}.RelWithDebInfo|x64.Build.0 = RelWithDebInfo|x64
		{61AEC050-345C-3B5A-8A01-05AEA5A6C0B4}.Debug|x64.ActiveCfg = Debug|x64
		{61AEC050-345C-3B5A-8A01-05AEA5A6C0B4}.Debug|x64.Build.0 = Debug|x64
		{61AEC050-345C-3B5A-8A01-05AEA5A6C0B4}.Release|x64.ActiveCfg = Release|x64
		{61AEC050-345C-3B5A-8A01-05AEA5A6C0B4}.Release|x64.Build.0 = Release|x64
		{61AEC050-345C-3B5A-8A01-05AEA5A6C0B4}.MinSizeRel|x64.ActiveCfg = MinSizeRel|x64
		{61AEC050-345C-3B5A-8A01-05AEA5A6C0B4}.MinSizeRel|x64.Build.0 = MinSizeRel|x64
		{61AEC050-345C-3B5A-8A01-05AEA5A6C0B4}.RelWithDebInfo|x64.ActiveCfg = RelWithDebInfo|x64
		{61AEC050-345C-3B5A-8A01-05AEA5A6C0B4}.RelWithDebInfo|x64.Build.0 = RelWithDebInfo|x64
		{3BBE8F9F-2853-3EC4-8D9B-C9F304555CDC}.Debug|x64.ActiveCfg = Debug|x64
		{3BBE8F9F-2853-3EC4-8D9B-C9F304555CDC}.Debug|x64.Build.0 = Debug|x64
		{3BBE8F9F-2853-3EC4-8D9B-C9F304555CDC}.Release|x64.ActiveCfg = Release|x64
		{3BBE8F9F-2853-3EC4-8D9B-C9F304555CDC}.Release|x64.Build.0 = Release|x64
		{3BBE8F9F-2853-3EC4-8D9B-C9F304555CDC}.MinSizeRel|x64.ActiveCfg = MinSizeRel|x64
		{3BBE8F9F-2853-3EC4-8D9B-C9F304555CDC}.MinSizeRel|x64.Build.0 = MinSizeRel|x64
		{3BBE8F9F-2853-3EC4-8D9B-C9F304555CDC}.RelWithDebInfo|x64.ActiveCfg = RelWithDebInfo|x64
		{3BBE8F9F-2853-3EC4-8D9B-C9F304555CDC}.RelWithDebInfo|x64.Build.0 = RelWithDebInfo|x64
		{D3BF8D73-5D55-3A1F-BF05-FCAA20194CDE}.Debug|x64.ActiveCfg = Debug|x64
		{D3BF8D73-5D55-3A1F-BF05-FCAA20194CDE}.Debug|x64.Build.0 = Debug|x64
		{D3BF8D73-5D55-3A1F-BF05-FCAA20194CDE}.Release|x64.ActiveCfg = Release|x64
		{D3BF8D73-5D55-3A1F-BF05-FCAA20194CDE}.Release|x64.Build.0 = Release|x64
		{D3BF8D73-5D55-3A1F-BF05-FCAA20194CDE}.MinSizeRel|x64.ActiveCfg = MinSizeRel|x64
		{D3BF8D73-5D55-3A1F-BF05-FCAA20194CDE}.MinSizeRel|x64.Build.0 = MinSizeRel|x64
		{D3BF8D73-5D55-3A1F-BF05-FCAA20194CDE}.RelWithDebInfo|x64.ActiveCfg = RelWithDebInfo|x64
		{D3BF8D73-5D55-3A1F-BF05-FCAA20194CDE}.RelWithDebInfo|x64.Build.0 = RelWithDebInfo|x64
		{B127AA1D-EF28-3C42-B197-62088817E5D9}.Debug|x64.ActiveCfg = Debug|x64
		{B127AA1D-EF28-3C42-B197-62088817E5D9}.Debug|x64.Build.0 = Debug|x64
		{B127AA1D-EF28-3C42-B197-62088817E5D9}.Release|x64.ActiveCfg = Release|x64
		{B127AA1D-EF28-3C42-B197-62088817E5D9}.Release|x64.Build.0 = Release|x64
		{B127AA1D-EF28-3C42-B197-62088817E5D9}.MinSizeRel|x64.ActiveCfg = MinSizeRel|x64
		{B127AA1D-EF28-3C42-B197-62088817E5D9}.MinSizeRel|x64.Build.0 = MinSizeRel|x64
		{B127AA1D-EF28-3C42-B197-62088817E5D9}.RelWithDebInfo|x64.ActiveCfg = RelWithDebInfo|x64
		{B127AA1D-EF28-3C42-B197-62088817E5D9}.RelWithDebInfo|x64.Build.0 = RelWithDebInfo|x64
		{B3C6A897-B9F1-3AD3-9B44-CF93A74F46BC}.Debug|x64.ActiveCfg = Debug|x64
		{B3C6A897-B9F1-3AD3-9B44-CF93A74F46BC}.Debug|x64.Build.0 = Debug|x64
		{B3C6A897-B9F1-3AD3-9B44-CF93A74F46BC}.Release|x64.ActiveCfg = Release|x64
		{B3C6A897-B9F1-3AD3-9B44-CF93A74F46BC}.Release|x64.Build.0 = Release|x64
		{B3C6A897-B9F1-3AD3-9B44-CF93A74F46BC}.MinSizeRel|x64.ActiveCfg = MinSizeRel|x64
		{B3C6A897-B9F1-3AD3-9B44-CF93A74F46BC}.MinSizeRel|x64.Build.0 = MinSizeRel|x64
		{B3C6A897-B9F1-3AD3-9B44-CF93A74F46BC}.RelWithDebInfo|x64.ActiveCfg = RelWithDebInfo|x64
		{B3C6A897-B9F1-3AD3-9B44-CF93A74F46BC}.RelWithDebInfo|x64.Build.0 = RelWithDebInfo|x64
	EndGlobalSection
	GlobalSection(ExtensibilityGlobals) = postSolution
		SolutionGuid = {0B5D7EF3-7D3A-3835-89ED-5749F405389C}
	EndGlobalSection
	GlobalSection(ExtensibilityAddIns) = postSolution
	EndGlobalSection
EndGlobal
