
Microsoft Visual Studio Solution File, Format Version 12.00
# Visual Studio Version 17
Project("{8BC9CEB8-8B4A-11D0-8D11-00A0C91BC942}") = "ALL_BUILD", "ALL_BUILD.vcxproj", "{C944F4F1-A405-33A9-BC44-9E92F0A288C9}"
	ProjectSection(ProjectDependencies) = postProject
		{38234D2B-F9A3-370C-BD51-4E6F52B1E98E} = {38234D2B-F9A3-370C-BD51-4E6F52B1E98E}
		{D3BF8D73-5D55-3A1F-BF05-FCAA20194CDE} = {D3BF8D73-5D55-3A1F-BF05-FCAA20194CDE}
		{B127AA1D-EF28-3C42-B197-62088817E5D9} = {B127AA1D-EF28-3C42-B197-62088817E5D9}
	EndProjectSection
EndProject
Project("{8BC9CEB8-8B4A-11D0-8D11-00A0C91BC942}") = "INSTALL", "INSTALL.vcxproj", "{D0D474E9-B384-378A-9554-69C1EC7635CC}"
	ProjectSection(ProjectDependencies) = postProject
		{C944F4F1-A405-33A9-BC44-9E92F0A288C9} = {C944F4F1-A405-33A9-BC44-9E92F0A288C9}
		{38234D2B-F9A3-370C-BD51-4E6F52B1E98E} = {38234D2B-F9A3-370C-BD51-4E6F52B1E98E}
	EndProjectSection
EndProject
Project("{8BC9CEB8-8B4A-11D0-8D11-00A0C91BC942}") = "PACKAGE", "PACKAGE.vcxproj", "{314F92FA-D518-34CC-A032-D11688A8C054}"
	ProjectSection(ProjectDependencies) = postProject
		{C944F4F1-A405-33A9-BC44-9E92F0A288C9} = {C944F4F1-A405-33A9-BC44-9E92F0A288C9}
		{38234D2B-F9A3-370C-BD51-4E6F52B1E98E} = {38234D2B-F9A3-370C-BD51-4E6F52B1E98E}
	EndProjectSection
EndProject
Project("{8BC9CEB8-8B4A-11D0-8D11-00A0C91BC942}") = "RUN_TESTS", "RUN_TESTS.vcxproj", "{430D4E2E-A5EA-3DCF-B441-851FCF7FFD06}"
	ProjectSection(ProjectDependencies) = postProject
		{38234D2B-F9A3-370C-BD51-4E6F52B1E98E} = {38234D2B-F9A3-370C-BD51-4E6F52B1E98E}
	EndProjectSection
EndProject
Project("{8BC9CEB8-8B4A-11D0-8D11-00A0C91BC942}") = "ZERO_CHECK", "..\..\\ZERO_CHECK.vcxproj", "{38234D2B-F9A3-370C-BD51-4E6F52B1E98E}"
	ProjectSection(ProjectDependencies) = postProject
	EndProjectSection
EndProject
Project("{8BC9CEB8-8B4A-11D0-8D11-00A0C91BC942}") = "dcmcore", "..\dcmcore\dcmcore.vcxproj", "{638134DA-3ACB-3A2B-B0A4-2B9334491E9A}"
	ProjectSection(ProjectDependencies) = postProject
		{38234D2B-F9A3-370C-BD51-4E6F52B1E98E} = {38234D2B-F9A3-370C-BD51-4E6F52B1E98E}
	EndProjectSection
EndProject
Project("{8BC9CEB8-8B4A-11D0-8D11-00A0C91BC942}") = "dcmmod", "dcmmod.vcxproj", "{D3BF8D73-5D55-3A1F-BF05-FCAA20194CDE}"
	ProjectSection(ProjectDependencies) = postProject
		{38234D2B-F9A3-370C-BD51-4E6F52B1E98E} = {38234D2B-F9A3-370C-BD51-4E6F52B1E98E}
		{638134DA-3ACB-3A2B-B0A4-2B9334491E9A} = {638134DA-3ACB-3A2B-B0A4-2B9334491E9A}
	EndProjectSection
EndProject
Project("{8BC9CEB8-8B4A-11D0-8D11-00A0C91BC942}") = "dcmmod_TestDcmModules", "dcmmod_TestDcmModules.vcxproj", "{B127AA1D-EF28-3C42-B197-62088817E5D9}"
	ProjectSection(ProjectDependencies) = postProject
		{38234D2B-F9A3-370C-BD51-4E6F52B1E98E} = {38234D2B-F9A3-370C-BD51-4E6F52B1E98E}
		{638134DA-3ACB-3A2B-B0A4-2B9334491E9A} = {638134DA-3ACB-3A2B-B0A4-2B9334491E9A}
		{D3BF8D73-5D55-3A1F-BF05-FCAA20194CDE} = {D3BF8D73-5D55-3A1F-BF05-FCAA20194CDE}
	EndProjectSection
EndProject
Global
	GlobalSection(SolutionConfigurationPlatforms) = preSolution
		Debug|x64 = Debug|x64
		Release|x64 = Release|x64
		MinSizeRel|x64 = MinSizeRel|x64
		RelWithDebInfo|x64 = RelWithDebInfo|x64
	EndGlobalSection
	GlobalSection(ProjectConfigurationPlatforms) = postSolution
		{C944F4F1-A405-33A9-BC44-9E92F0A288C9}.Debug|x64.ActiveCfg = Debug|x64
		{C944F4F1-A405-33A9-BC44-9E92F0A288C9}.Debug|x64.Build.0 = Debug|x64
		{C944F4F1-A405-33A9-BC44-9E92F0A288C9}.Release|x64.ActiveCfg = Release|x64
		{C944F4F1-A405-33A9-BC44-9E92F0A288C9}.Release|x64.Build.0 = Release|x64
		{C944F4F1-A405-33A9-BC44-9E92F0A288C9}.MinSizeRel|x64.ActiveCfg = MinSizeRel|x64
		{C944F4F1-A405-33A9-BC44-9E92F0A288C9}.MinSizeRel|x64.Build.0 = MinSizeRel|x64
		{C944F4F1-A405-33A9-BC44-9E92F0A288C9}.RelWithDebInfo|x64.ActiveCfg = RelWithDebInfo|x64
		{C944F4F1-A405-33A9-BC44-9E92F0A288C9}.RelWithDebInfo|x64.Build.0 = RelWithDebInfo|x64
		{D0D474E9-B384-378A-9554-69C1EC7635CC}.Debug|x64.ActiveCfg = Debug|x64
		{D0D474E9-B384-378A-9554-69C1EC7635CC}.Release|x64.ActiveCfg = Release|x64
		{D0D474E9-B384-378A-9554-69C1EC7635CC}.MinSizeRel|x64.ActiveCfg = MinSizeRel|x64
		{D0D474E9-B384-378A-9554-69C1EC7635CC}.RelWithDebInfo|x64.ActiveCfg = RelWithDebInfo|x64
		{314F92FA-D518-34CC-A032-D11688A8C054}.Debug|x64.ActiveCfg = Debug|x64
		{314F92FA-D518-34CC-A032-D11688A8C054}.Release|x64.ActiveCfg = Release|x64
		{314F92FA-D518-34CC-A032-D11688A8C054}.MinSizeRel|x64.ActiveCfg = MinSizeRel|x64
		{314F92FA-D518-34CC-A032-D11688A8C054}.RelWithDebInfo|x64.ActiveCfg = RelWithDebInfo|x64
		{430D4E2E-A5EA-3DCF-B441-851FCF7FFD06}.Debug|x64.ActiveCfg = Debug|x64
		{430D4E2E-A5EA-3DCF-B441-851FCF7FFD06}.Release|x64.ActiveCfg = Release|x64
		{430D4E2E-A5EA-3DCF-B441-851FCF7FFD06}.MinSizeRel|x64.ActiveCfg = MinSizeRel|x64
		{430D4E2E-A5EA-3DCF-B441-851FCF7FFD06}.RelWithDebInfo|x64.ActiveCfg = RelWithDebInfo|x64
		{38234D2B-F9A3-370C-BD51-4E6F52B1E98E}.Debug|x64.ActiveCfg = Debug|x64
		{38234D2B-F9A3-370C-BD51-4E6F52B1E98E}.Debug|x64.Build.0 = Debug|x64
		{38234D2B-F9A3-370C-BD51-4E6F52B1E98E}.Release|x64.ActiveCfg = Release|x64
		{38234D2B-F9A3-370C-BD51-4E6F52B1E98E}.Release|x64.Build.0 = Release|x64
		{38234D2B-F9A3-370C-BD51-4E6F52B1E98E}.MinSizeRel|x64.ActiveCfg = MinSizeRel|x64
		{38234D2B-F9A3-370C-BD51-4E6F52B1E98E}.MinSizeRel|x64.Build.0 = MinSizeRel|x64
		{38234D2B-F9A3-370C-BD51-4E6F52B1E98E}.RelWithDebInfo|x64.ActiveCfg = RelWithDebInfo|x64
		{38234D2B-F9A3-370C-BD51-4E6F52B1E98E}.RelWithDebInfo|x64.Build.0 = RelWithDebInfo|x64
		{638134DA-3ACB-3A2B-B0A4-2B9334491E9A}.Debug|x64.ActiveCfg = Debug|x64
		{638134DA-3ACB-3A2B-B0A4-2B9334491E9A}.Debug|x64.Build.0 = Debug|x64
		{638134DA-3ACB-3A2B-B0A4-2B9334491E9A}.Release|x64.ActiveCfg = Release|x64
		{638134DA-3ACB-3A2B-B0A4-2B9334491E9A}.Release|x64.Build.0 = Release|x64
		{638134DA-3ACB-3A2B-B0A4-2B9334491E9A}.MinSizeRel|x64.ActiveCfg = MinSizeRel|x64
		{638134DA-3ACB-3A2B-B0A4-2B9334491E9A}.MinSizeRel|x64.Build.0 = MinSizeRel|x64
		{638134DA-3ACB-3A2B-B0A4-2B9334491E9A}.RelWithDebInfo|x64.ActiveCfg = RelWithDebInfo|x64
		{638134DA-3ACB-3A2B-B0A4-2B9334491E9A}.RelWithDebInfo|x64.Build.0 = RelWithDebInfo|x64
		{D3BF8D73-5D55-3A1F-BF05-FCAA20194CDE}.Debug|x64.ActiveCfg = Debug|x64
		{D3BF8D73-5D55-3A1F-BF05-FCAA20194CDE}.Debug|x64.Build.0 = Debug|x64
		{D3BF8D73-5D55-3A1F-BF05-FCAA20194CDE}.Release|x64.ActiveCfg = Release|x64
		{D3BF8D73-5D55-3A1F-BF05-FCAA20194CDE}.Release|x64.Build.0 = Release|x64
		{D3BF8D73-5D55-3A1F-BF05-FCAA20194CDE}.MinSizeRel|x64.ActiveCfg = MinSizeRel|x64
		{D3BF8D73-5D55-3A1F-BF05-FCAA20194CDE}.MinSizeRel|x64.Build.0 = MinSizeRel|x64
		{D3BF8D73-5D55-3A1F-BF05-FCAA20194CDE}.RelWithDebInfo|x64.ActiveCfg = RelWithDebInfo|x64
		{D3BF8D73-5D55-3A1F-BF05-FCAA20194CDE}.RelWithDebInfo|x64.Build.0 = RelWithDebInfo|x64
		{B127AA1D-EF28-3C42-B197-62088817E5D9}.Debug|x64.ActiveCfg = Debug|x64
		{B127AA1D-EF28-3C42-B197-62088817E5D9}.Debug|x64.Build.0 = Debug|x64
		{B127AA1D-EF28-3C42-B197-62088817E5D9}.Release|x64.ActiveCfg = Release|x64
		{B127AA1D-EF28-3C42-B197-62088817E5D9}.Release|x64.Build.0 = Release|x64
		{B127AA1D-EF28-3C42-B197-62088817E5D9}.MinSizeRel|x64.ActiveCfg = MinSizeRel|x64
		{B127AA1D-EF28-3C42-B197-62088817E5D9}.MinSizeRel|x64.Build.0 = MinSizeRel|x64
		{B127AA1D-EF28-3C42-B197-62088817E5D9}.RelWithDebInfo|x64.ActiveCfg = RelWithDebInfo|x64
		{B127AA1D-EF28-3C42-B197-62088817E5D9}.RelWithDebInfo|x64.Build.0 = RelWithDebInfo|x64
	EndGlobalSection
	GlobalSection(ExtensibilityGlobals) = postSolution
		SolutionGuid = {D90D6F1E-6572-31D0-88B7-2D9D71403FE9}
	EndGlobalSection
	GlobalSection(ExtensibilityAddIns) = postSolution
	EndGlobalSection
EndGlobal
