
Microsoft Visual Studio Solution File, Format Version 12.00
# Visual Studio Version 17
Project("{8BC9CEB8-8B4A-11D0-8D11-00A0C91BC942}") = "ALL_BUILD", "ALL_BUILD.vcxproj", "{5D0917E3-0E13-3DCA-8CA4-2EF9AF30924F}"
	ProjectSection(ProjectDependencies) = postProject
		{CF48A707-A6E8-3B73-AE66-A5A63DA94588} = {CF48A707-A6E8-3B73-AE66-A5A63DA94588}
		{479B5EFF-D011-3A95-86B2-FCF973B10415} = {479B5EFF-D011-3A95-86B2-FCF973B10415}
		{7DEAD7E7-3041-3E4E-A8AF-AACB15101B6F} = {7DEAD7E7-3041-3E4E-A8AF-AACB15101B6F}
		{C709E66E-3230-3149-8A9B-6AA1A961316D} = {C709E66E-3230-3149-8A9B-6AA1A961316D}
	EndProjectSection
EndProject
Project("{8BC9CEB8-8B4A-11D0-8D11-00A0C91BC942}") = "INSTALL", "INSTALL.vcxproj", "{6B621647-2943-31CF-9437-FDAD2E554906}"
	ProjectSection(ProjectDependencies) = postProject
		{5D0917E3-0E13-3DCA-8CA4-2EF9AF30924F} = {5D0917E3-0E13-3DCA-8CA4-2EF9AF30924F}
		{CF48A707-A6E8-3B73-AE66-A5A63DA94588} = {CF48A707-A6E8-3B73-AE66-A5A63DA94588}
	EndProjectSection
EndProject
Project("{8BC9CEB8-8B4A-11D0-8D11-00A0C91BC942}") = "PACKAGE", "PACKAGE.vcxproj", "{819090AA-3E3A-32D5-A98C-CE24EA669108}"
	ProjectSection(ProjectDependencies) = postProject
		{5D0917E3-0E13-3DCA-8CA4-2EF9AF30924F} = {5D0917E3-0E13-3DCA-8CA4-2EF9AF30924F}
		{CF48A707-A6E8-3B73-AE66-A5A63DA94588} = {CF48A707-A6E8-3B73-AE66-A5A63DA94588}
	EndProjectSection
EndProject
Project("{8BC9CEB8-8B4A-11D0-8D11-00A0C91BC942}") = "RUN_TESTS", "RUN_TESTS.vcxproj", "{5B7BBC0F-504B-3BD1-BEE9-60611F2E90A1}"
	ProjectSection(ProjectDependencies) = postProject
		{CF48A707-A6E8-3B73-AE66-A5A63DA94588} = {CF48A707-A6E8-3B73-AE66-A5A63DA94588}
	EndProjectSection
EndProject
Project("{8BC9CEB8-8B4A-11D0-8D11-00A0C91BC942}") = "ZERO_CHECK", "..\..\\ZERO_CHECK.vcxproj", "{CF48A707-A6E8-3B73-AE66-A5A63DA94588}"
	ProjectSection(ProjectDependencies) = postProject
	EndProjectSection
EndProject
Project("{8BC9CEB8-8B4A-11D0-8D11-00A0C91BC942}") = "dcmcore", "..\dcmcore\dcmcore.vcxproj", "{0883CE8F-B024-3E97-BA76-A1168EE3E9E0}"
	ProjectSection(ProjectDependencies) = postProject
		{CF48A707-A6E8-3B73-AE66-A5A63DA94588} = {CF48A707-A6E8-3B73-AE66-A5A63DA94588}
	EndProjectSection
EndProject
Project("{8BC9CEB8-8B4A-11D0-8D11-00A0C91BC942}") = "dcmimage", "dcmimage.vcxproj", "{479B5EFF-D011-3A95-86B2-FCF973B10415}"
	ProjectSection(ProjectDependencies) = postProject
		{CF48A707-A6E8-3B73-AE66-A5A63DA94588} = {CF48A707-A6E8-3B73-AE66-A5A63DA94588}
		{0883CE8F-B024-3E97-BA76-A1168EE3E9E0} = {0883CE8F-B024-3E97-BA76-A1168EE3E9E0}
	EndProjectSection
EndProject
Project("{8BC9CEB8-8B4A-11D0-8D11-00A0C91BC942}") = "dcmimage_TestDcmImage", "dcmimage_TestDcmImage.vcxproj", "{7DEAD7E7-3041-3E4E-A8AF-AACB15101B6F}"
	ProjectSection(ProjectDependencies) = postProject
		{CF48A707-A6E8-3B73-AE66-A5A63DA94588} = {CF48A707-A6E8-3B73-AE66-A5A63DA94588}
		{0883CE8F-B024-3E97-BA76-A1168EE3E9E0} = {0883CE8F-B024-3E97-BA76-A1168EE3E9E0}
		{479B5EFF-D011-3A95-86B2-FCF973B10415} = {479B5EFF-D011-3A95-86B2-FCF973B10415}
	EndProjectSection
EndProject
Project("{8BC9CEB8-8B4A-11D0-8D11-00A0C91BC942}") = "dcmimage_TestDcmImageTransferFunction", "dcmimage_TestDcmImageTransferFunction.vcxproj", "{C709E66E-3230-3149-8A9B-6AA1A961316D}"
	ProjectSection(ProjectDependencies) = postProject
		{CF48A707-A6E8-3B73-AE66-A5A63DA94588} = {CF48A707-A6E8-3B73-AE66-A5A63DA94588}
		{0883CE8F-B024-3E97-BA76-A1168EE3E9E0} = {0883CE8F-B024-3E97-BA76-A1168EE3E9E0}
		{479B5EFF-D011-3A95-86B2-FCF973B10415} = {479B5EFF-D011-3A95-86B2-FCF973B10415}
	EndProjectSection
EndProject
Global
	GlobalSection(SolutionConfigurationPlatforms) = preSolution
		Debug|x64 = Debug|x64
		Release|x64 = Release|x64
		MinSizeRel|x64 = MinSizeRel|x64
		RelWithDebInfo|x64 = RelWithDebInfo|x64
	EndGlobalSection
	GlobalSection(ProjectConfigurationPlatforms) = postSolution
		{5D0917E3-0E13-3DCA-8CA4-2EF9AF30924F}.Debug|x64.ActiveCfg = Debug|x64
		{5D0917E3-0E13-3DCA-8CA4-2EF9AF30924F}.Debug|x64.Build.0 = Debug|x64
		{5D0917E3-0E13-3DCA-8CA4-2EF9AF30924F}.Release|x64.ActiveCfg = Release|x64
		{5D0917E3-0E13-3DCA-8CA4-2EF9AF30924F}.Release|x64.Build.0 = Release|x64
		{5D0917E3-0E13-3DCA-8CA4-2EF9AF30924F}.MinSizeRel|x64.ActiveCfg = MinSizeRel|x64
		{5D0917E3-0E13-3DCA-8CA4-2EF9AF30924F}.MinSizeRel|x64.Build.0 = MinSizeRel|x64
		{5D0917E3-0E13-3DCA-8CA4-2EF9AF30924F}.RelWithDebInfo|x64.ActiveCfg = RelWithDebInfo|x64
		{5D0917E3-0E13-3DCA-8CA4-2EF9AF30924F}.RelWithDebInfo|x64.Build.0 = RelWithDebInfo|x64
		{6B621647-2943-31CF-9437-FDAD2E554906}.Debug|x64.ActiveCfg = Debug|x64
		{6B621647-2943-31CF-9437-FDAD2E554906}.Release|x64.ActiveCfg = Release|x64
		{6B621647-2943-31CF-9437-FDAD2E554906}.MinSizeRel|x64.ActiveCfg = MinSizeRel|x64
		{6B621647-2943-31CF-9437-FDAD2E554906}.RelWithDebInfo|x64.ActiveCfg = RelWithDebInfo|x64
		{819090AA-3E3A-32D5-A98C-CE24EA669108}.Debug|x64.ActiveCfg = Debug|x64
		{819090AA-3E3A-32D5-A98C-CE24EA669108}.Release|x64.ActiveCfg = Release|x64
		{819090AA-3E3A-32D5-A98C-CE24EA669108}.MinSizeRel|x64.ActiveCfg = MinSizeRel|x64
		{819090AA-3E3A-32D5-A98C-CE24EA669108}.RelWithDebInfo|x64.ActiveCfg = RelWithDebInfo|x64
		{5B7BBC0F-504B-3BD1-BEE9-60611F2E90A1}.Debug|x64.ActiveCfg = Debug|x64
		{5B7BBC0F-504B-3BD1-BEE9-60611F2E90A1}.Release|x64.ActiveCfg = Release|x64
		{5B7BBC0F-504B-3BD1-BEE9-60611F2E90A1}.MinSizeRel|x64.ActiveCfg = MinSizeRel|x64
		{5B7BBC0F-504B-3BD1-BEE9-60611F2E90A1}.RelWithDebInfo|x64.ActiveCfg = RelWithDebInfo|x64
		{CF48A707-A6E8-3B73-AE66-A5A63DA94588}.Debug|x64.ActiveCfg = Debug|x64
		{CF48A707-A6E8-3B73-AE66-A5A63DA94588}.Debug|x64.Build.0 = Debug|x64
		{CF48A707-A6E8-3B73-AE66-A5A63DA94588}.Release|x64.ActiveCfg = Release|x64
		{CF48A707-A6E8-3B73-AE66-A5A63DA94588}.Release|x64.Build.0 = Release|x64
		{CF48A707-A6E8-3B73-AE66-A5A63DA94588}.MinSizeRel|x64.ActiveCfg = MinSizeRel|x64
		{CF48A707-A6E8-3B73-AE66-A5A63DA94588}.MinSizeRel|x64.Build.0 = MinSizeRel|x64
		{CF48A707-A6E8-3B73-AE66-A5A63DA94588}.RelWithDebInfo|x64.ActiveCfg = RelWithDebInfo|x64
		{CF48A707-A6E8-3B73-AE66-A5A63DA94588}.RelWithDebInfo|x64.Build.0 = RelWithDebInfo|x64
		{0883CE8F-B024-3E97-BA76-A1168EE3E9E0}.Debug|x64.ActiveCfg = Debug|x64
		{0883CE8F-B024-3E97-BA76-A1168EE3E9E0}.Debug|x64.Build.0 = Debug|x64
		{0883CE8F-B024-3E97-BA76-A1168EE3E9E0}.Release|x64.ActiveCfg = Release|x64
		{0883CE8F-B024-3E97-BA76-A1168EE3E9E0}.Release|x64.Build.0 = Release|x64
		{0883CE8F-B024-3E97-BA76-A1168EE3E9E0}.MinSizeRel|x64.ActiveCfg = MinSizeRel|x64
		{0883CE8F-B024-3E97-BA76-A1168EE3E9E0}.MinSizeRel|x64.Build.0 = MinSizeRel|x64
		{0883CE8F-B024-3E97-BA76-A1168EE3E9E0}.RelWithDebInfo|x64.ActiveCfg = RelWithDebInfo|x64
		{0883CE8F-B024-3E97-BA76-A1168EE3E9E0}.RelWithDebInfo|x64.Build.0 = RelWithDebInfo|x64
		{479B5EFF-D011-3A95-86B2-FCF973B10415}.Debug|x64.ActiveCfg = Debug|x64
		{479B5EFF-D011-3A95-86B2-FCF973B10415}.Debug|x64.Build.0 = Debug|x64
		{479B5EFF-D011-3A95-86B2-FCF973B10415}.Release|x64.ActiveCfg = Release|x64
		{479B5EFF-D011-3A95-86B2-FCF973B10415}.Release|x64.Build.0 = Release|x64
		{479B5EFF-D011-3A95-86B2-FCF973B10415}.MinSizeRel|x64.ActiveCfg = MinSizeRel|x64
		{479B5EFF-D011-3A95-86B2-FCF973B10415}.MinSizeRel|x64.Build.0 = MinSizeRel|x64
		{479B5EFF-D011-3A95-86B2-FCF973B10415}.RelWithDebInfo|x64.ActiveCfg = RelWithDebInfo|x64
		{479B5EFF-D011-3A95-86B2-FCF973B10415}.RelWithDebInfo|x64.Build.0 = RelWithDebInfo|x64
		{7DEAD7E7-3041-3E4E-A8AF-AACB15101B6F}.Debug|x64.ActiveCfg = Debug|x64
		{7DEAD7E7-3041-3E4E-A8AF-AACB15101B6F}.Debug|x64.Build.0 = Debug|x64
		{7DEAD7E7-3041-3E4E-A8AF-AACB15101B6F}.Release|x64.ActiveCfg = Release|x64
		{7DEAD7E7-3041-3E4E-A8AF-AACB15101B6F}.Release|x64.Build.0 = Release|x64
		{7DEAD7E7-3041-3E4E-A8AF-AACB15101B6F}.MinSizeRel|x64.ActiveCfg = MinSizeRel|x64
		{7DEAD7E7-3041-3E4E-A8AF-AACB15101B6F}.MinSizeRel|x64.Build.0 = MinSizeRel|x64
		{7DEAD7E7-3041-3E4E-A8AF-AACB15101B6F}.RelWithDebInfo|x64.ActiveCfg = RelWithDebInfo|x64
		{7DEAD7E7-3041-3E4E-A8AF-AACB15101B6F}.RelWithDebInfo|x64.Build.0 = RelWithDebInfo|x64
		{C709E66E-3230-3149-8A9B-6AA1A961316D}.Debug|x64.ActiveCfg = Debug|x64
		{C709E66E-3230-3149-8A9B-6AA1A961316D}.Debug|x64.Build.0 = Debug|x64
		{C709E66E-3230-3149-8A9B-6AA1A961316D}.Release|x64.ActiveCfg = Release|x64
		{C709E66E-3230-3149-8A9B-6AA1A961316D}.Release|x64.Build.0 = Release|x64
		{C709E66E-3230-3149-8A9B-6AA1A961316D}.MinSizeRel|x64.ActiveCfg = MinSizeRel|x64
		{C709E66E-3230-3149-8A9B-6AA1A961316D}.MinSizeRel|x64.Build.0 = MinSizeRel|x64
		{C709E66E-3230-3149-8A9B-6AA1A961316D}.RelWithDebInfo|x64.ActiveCfg = RelWithDebInfo|x64
		{C709E66E-3230-3149-8A9B-6AA1A961316D}.RelWithDebInfo|x64.Build.0 = RelWithDebInfo|x64
	EndGlobalSection
	GlobalSection(ExtensibilityGlobals) = postSolution
		SolutionGuid = {C1CE8E59-5F53-36B9-B8D6-889A4BE75E41}
	EndGlobalSection
	GlobalSection(ExtensibilityAddIns) = postSolution
	EndGlobalSection
EndGlobal
