<?xml version="1.0" encoding="utf-8"?>
<Project ToolsVersion="17.0" xmlns="http://schemas.microsoft.com/developer/msbuild/2003">
  <ItemGroup>
    <ClCompile Include="C:\Users\Gabriel\Documents\qt_lab\szpital\source\dcmcore\dcmcore_autogen\mocs_compilation_Debug.cpp">
      <Filter>Source Files</Filter>
    </ClCompile>
    <ClCompile Include="C:\Users\Gabriel\Documents\qt_lab\szpital\source\dcmcore\src\DcmCharSet.cpp">
      <Filter>Source Files</Filter>
    </ClCompile>
    <ClCompile Include="C:\Users\Gabriel\Documents\qt_lab\szpital\source\dcmcore\src\DcmDataset.cpp">
      <Filter>Source Files</Filter>
    </ClCompile>
    <ClCompile Include="C:\Users\Gabriel\Documents\qt_lab\szpital\source\dcmcore\src\DcmDictionary.cpp">
      <Filter>Source Files</Filter>
    </ClCompile>
    <ClCompile Include="C:\Users\Gabriel\Documents\qt_lab\szpital\source\dcmcore\src\DcmFile.cpp">
      <Filter>Source Files</Filter>
    </ClCompile>
    <ClCompile Include="C:\Users\Gabriel\Documents\qt_lab\szpital\source\dcmcore\src\DcmGlobal.cpp">
      <Filter>Source Files</Filter>
    </ClCompile>
    <ClCompile Include="C:\Users\Gabriel\Documents\qt_lab\szpital\source\dcmcore\src\DcmModule.cpp">
      <Filter>Source Files</Filter>
    </ClCompile>
    <ClCompile Include="C:\Users\Gabriel\Documents\qt_lab\szpital\source\dcmcore\src\DcmPDUItem.cpp">
      <Filter>Source Files</Filter>
    </ClCompile>
    <ClCompile Include="C:\Users\Gabriel\Documents\qt_lab\szpital\source\dcmcore\src\DcmReader.cpp">
      <Filter>Source Files</Filter>
    </ClCompile>
    <ClCompile Include="C:\Users\Gabriel\Documents\qt_lab\szpital\source\dcmcore\src\DcmStream.cpp">
      <Filter>Source Files</Filter>
    </ClCompile>
    <ClCompile Include="C:\Users\Gabriel\Documents\qt_lab\szpital\source\dcmcore\src\DcmTag.cpp">
      <Filter>Source Files</Filter>
    </ClCompile>
    <ClCompile Include="C:\Users\Gabriel\Documents\qt_lab\szpital\source\dcmcore\src\DcmTagAE.cpp">
      <Filter>Source Files</Filter>
    </ClCompile>
    <ClCompile Include="C:\Users\Gabriel\Documents\qt_lab\szpital\source\dcmcore\src\DcmTagAS.cpp">
      <Filter>Source Files</Filter>
    </ClCompile>
    <ClCompile Include="C:\Users\Gabriel\Documents\qt_lab\szpital\source\dcmcore\src\DcmTagAT.cpp">
      <Filter>Source Files</Filter>
    </ClCompile>
    <ClCompile Include="C:\Users\Gabriel\Documents\qt_lab\szpital\source\dcmcore\src\DcmTagBinary.cpp">
      <Filter>Source Files</Filter>
    </ClCompile>
    <ClCompile Include="C:\Users\Gabriel\Documents\qt_lab\szpital\source\dcmcore\src\DcmTagCS.cpp">
      <Filter>Source Files</Filter>
    </ClCompile>
    <ClCompile Include="C:\Users\Gabriel\Documents\qt_lab\szpital\source\dcmcore\src\DcmTagDA.cpp">
      <Filter>Source Files</Filter>
    </ClCompile>
    <ClCompile Include="C:\Users\Gabriel\Documents\qt_lab\szpital\source\dcmcore\src\DcmTagDS.cpp">
      <Filter>Source Files</Filter>
    </ClCompile>
    <ClCompile Include="C:\Users\Gabriel\Documents\qt_lab\szpital\source\dcmcore\src\DcmTagDT.cpp">
      <Filter>Source Files</Filter>
    </ClCompile>
    <ClCompile Include="C:\Users\Gabriel\Documents\qt_lab\szpital\source\dcmcore\src\DcmTagDescription.cpp">
      <Filter>Source Files</Filter>
    </ClCompile>
    <ClCompile Include="C:\Users\Gabriel\Documents\qt_lab\szpital\source\dcmcore\src\DcmTagFD.cpp">
      <Filter>Source Files</Filter>
    </ClCompile>
    <ClCompile Include="C:\Users\Gabriel\Documents\qt_lab\szpital\source\dcmcore\src\DcmTagFL.cpp">
      <Filter>Source Files</Filter>
    </ClCompile>
    <ClCompile Include="C:\Users\Gabriel\Documents\qt_lab\szpital\source\dcmcore\src\DcmTagGroup.cpp">
      <Filter>Source Files</Filter>
    </ClCompile>
    <ClCompile Include="C:\Users\Gabriel\Documents\qt_lab\szpital\source\dcmcore\src\DcmTagIS.cpp">
      <Filter>Source Files</Filter>
    </ClCompile>
    <ClCompile Include="C:\Users\Gabriel\Documents\qt_lab\szpital\source\dcmcore\src\DcmTagItem.cpp">
      <Filter>Source Files</Filter>
    </ClCompile>
    <ClCompile Include="C:\Users\Gabriel\Documents\qt_lab\szpital\source\dcmcore\src\DcmTagKey.cpp">
      <Filter>Source Files</Filter>
    </ClCompile>
    <ClCompile Include="C:\Users\Gabriel\Documents\qt_lab\szpital\source\dcmcore\src\DcmTagLO.cpp">
      <Filter>Source Files</Filter>
    </ClCompile>
    <ClCompile Include="C:\Users\Gabriel\Documents\qt_lab\szpital\source\dcmcore\src\DcmTagLT.cpp">
      <Filter>Source Files</Filter>
    </ClCompile>
    <ClCompile Include="C:\Users\Gabriel\Documents\qt_lab\szpital\source\dcmcore\src\DcmTagList.cpp">
      <Filter>Source Files</Filter>
    </ClCompile>
    <ClCompile Include="C:\Users\Gabriel\Documents\qt_lab\szpital\source\dcmcore\src\DcmTagPN.cpp">
      <Filter>Source Files</Filter>
    </ClCompile>
    <ClCompile Include="C:\Users\Gabriel\Documents\qt_lab\szpital\source\dcmcore\src\DcmTagPixelData.cpp">
      <Filter>Source Files</Filter>
    </ClCompile>
    <ClCompile Include="C:\Users\Gabriel\Documents\qt_lab\szpital\source\dcmcore\src\DcmTagPixelDataItem.cpp">
      <Filter>Source Files</Filter>
    </ClCompile>
    <ClCompile Include="C:\Users\Gabriel\Documents\qt_lab\szpital\source\dcmcore\src\DcmTagSH.cpp">
      <Filter>Source Files</Filter>
    </ClCompile>
    <ClCompile Include="C:\Users\Gabriel\Documents\qt_lab\szpital\source\dcmcore\src\DcmTagSL.cpp">
      <Filter>Source Files</Filter>
    </ClCompile>
    <ClCompile Include="C:\Users\Gabriel\Documents\qt_lab\szpital\source\dcmcore\src\DcmTagSQ.cpp">
      <Filter>Source Files</Filter>
    </ClCompile>
    <ClCompile Include="C:\Users\Gabriel\Documents\qt_lab\szpital\source\dcmcore\src\DcmTagSS.cpp">
      <Filter>Source Files</Filter>
    </ClCompile>
    <ClCompile Include="C:\Users\Gabriel\Documents\qt_lab\szpital\source\dcmcore\src\DcmTagST.cpp">
      <Filter>Source Files</Filter>
    </ClCompile>
    <ClCompile Include="C:\Users\Gabriel\Documents\qt_lab\szpital\source\dcmcore\src\DcmTagString.cpp">
      <Filter>Source Files</Filter>
    </ClCompile>
    <ClCompile Include="C:\Users\Gabriel\Documents\qt_lab\szpital\source\dcmcore\src\DcmTagTM.cpp">
      <Filter>Source Files</Filter>
    </ClCompile>
    <ClCompile Include="C:\Users\Gabriel\Documents\qt_lab\szpital\source\dcmcore\src\DcmTagUI.cpp">
      <Filter>Source Files</Filter>
    </ClCompile>
    <ClCompile Include="C:\Users\Gabriel\Documents\qt_lab\szpital\source\dcmcore\src\DcmTagUL.cpp">
      <Filter>Source Files</Filter>
    </ClCompile>
    <ClCompile Include="C:\Users\Gabriel\Documents\qt_lab\szpital\source\dcmcore\src\DcmTagUS.cpp">
      <Filter>Source Files</Filter>
    </ClCompile>
    <ClCompile Include="C:\Users\Gabriel\Documents\qt_lab\szpital\source\dcmcore\src\DcmTagUT.cpp">
      <Filter>Source Files</Filter>
    </ClCompile>
    <ClCompile Include="C:\Users\Gabriel\Documents\qt_lab\szpital\source\dcmcore\src\DcmTransferSyntax.cpp">
      <Filter>Source Files</Filter>
    </ClCompile>
    <ClCompile Include="C:\Users\Gabriel\Documents\qt_lab\szpital\source\dcmcore\src\DcmVr.cpp">
      <Filter>Source Files</Filter>
    </ClCompile>
    <ClCompile Include="C:\Users\Gabriel\Documents\qt_lab\szpital\source\dcmcore\src\DcmWriter.cpp">
      <Filter>Source Files</Filter>
    </ClCompile>
    <ClCompile Include="C:\Users\Gabriel\Documents\qt_lab\szpital\source\dcmcore\qrc_dcmcore.cpp">
      <Filter>Source Files</Filter>
    </ClCompile>
    <ClCompile Include="C:\Users\Gabriel\Documents\qt_lab\szpital\source\dcmcore\dcmcore_autogen\mocs_compilation_Release.cpp">
      <Filter>Source Files</Filter>
    </ClCompile>
    <ClCompile Include="C:\Users\Gabriel\Documents\qt_lab\szpital\source\dcmcore\dcmcore_autogen\mocs_compilation_MinSizeRel.cpp">
      <Filter>Source Files</Filter>
    </ClCompile>
    <ClCompile Include="C:\Users\Gabriel\Documents\qt_lab\szpital\source\dcmcore\dcmcore_autogen\mocs_compilation_RelWithDebInfo.cpp">
      <Filter>Source Files</Filter>
    </ClCompile>
  </ItemGroup>
  <ItemGroup>
    <ClInclude Include="C:\Users\Gabriel\Documents\qt_lab\szpital\source\dcmcore\include\DcmCharSet.h">
      <Filter>Header Files</Filter>
    </ClInclude>
    <ClInclude Include="C:\Users\Gabriel\Documents\qt_lab\szpital\source\dcmcore\include\DcmCoreApi.h">
      <Filter>Header Files</Filter>
    </ClInclude>
    <ClInclude Include="C:\Users\Gabriel\Documents\qt_lab\szpital\source\dcmcore\include\DcmDataset.h">
      <Filter>Header Files</Filter>
    </ClInclude>
    <ClInclude Include="C:\Users\Gabriel\Documents\qt_lab\szpital\source\dcmcore\include\DcmDictionary.h">
      <Filter>Header Files</Filter>
    </ClInclude>
    <ClInclude Include="C:\Users\Gabriel\Documents\qt_lab\szpital\source\dcmcore\include\DcmFile.h">
      <Filter>Header Files</Filter>
    </ClInclude>
    <ClInclude Include="C:\Users\Gabriel\Documents\qt_lab\szpital\source\dcmcore\include\DcmGlobal.h">
      <Filter>Header Files</Filter>
    </ClInclude>
    <ClInclude Include="C:\Users\Gabriel\Documents\qt_lab\szpital\source\dcmcore\include\DcmModule.h">
      <Filter>Header Files</Filter>
    </ClInclude>
    <ClInclude Include="C:\Users\Gabriel\Documents\qt_lab\szpital\source\dcmcore\include\DcmPDUItem.h">
      <Filter>Header Files</Filter>
    </ClInclude>
    <ClInclude Include="C:\Users\Gabriel\Documents\qt_lab\szpital\source\dcmcore\include\DcmReader.h">
      <Filter>Header Files</Filter>
    </ClInclude>
    <ClInclude Include="C:\Users\Gabriel\Documents\qt_lab\szpital\source\dcmcore\include\DcmStream.h">
      <Filter>Header Files</Filter>
    </ClInclude>
    <ClInclude Include="C:\Users\Gabriel\Documents\qt_lab\szpital\source\dcmcore\include\DcmTag.h">
      <Filter>Header Files</Filter>
    </ClInclude>
    <ClInclude Include="C:\Users\Gabriel\Documents\qt_lab\szpital\source\dcmcore\include\DcmTagAE.h">
      <Filter>Header Files</Filter>
    </ClInclude>
    <ClInclude Include="C:\Users\Gabriel\Documents\qt_lab\szpital\source\dcmcore\include\DcmTagAS.h">
      <Filter>Header Files</Filter>
    </ClInclude>
    <ClInclude Include="C:\Users\Gabriel\Documents\qt_lab\szpital\source\dcmcore\include\DcmTagAT.h">
      <Filter>Header Files</Filter>
    </ClInclude>
    <ClInclude Include="C:\Users\Gabriel\Documents\qt_lab\szpital\source\dcmcore\include\DcmTagBinary.h">
      <Filter>Header Files</Filter>
    </ClInclude>
    <ClInclude Include="C:\Users\Gabriel\Documents\qt_lab\szpital\source\dcmcore\include\DcmTagCS.h">
      <Filter>Header Files</Filter>
    </ClInclude>
    <ClInclude Include="C:\Users\Gabriel\Documents\qt_lab\szpital\source\dcmcore\include\DcmTagDA.h">
      <Filter>Header Files</Filter>
    </ClInclude>
    <ClInclude Include="C:\Users\Gabriel\Documents\qt_lab\szpital\source\dcmcore\include\DcmTagDS.h">
      <Filter>Header Files</Filter>
    </ClInclude>
    <ClInclude Include="C:\Users\Gabriel\Documents\qt_lab\szpital\source\dcmcore\include\DcmTagDT.h">
      <Filter>Header Files</Filter>
    </ClInclude>
    <ClInclude Include="C:\Users\Gabriel\Documents\qt_lab\szpital\source\dcmcore\include\DcmTagDescription.h">
      <Filter>Header Files</Filter>
    </ClInclude>
    <ClInclude Include="C:\Users\Gabriel\Documents\qt_lab\szpital\source\dcmcore\include\DcmTagFD.h">
      <Filter>Header Files</Filter>
    </ClInclude>
    <ClInclude Include="C:\Users\Gabriel\Documents\qt_lab\szpital\source\dcmcore\include\DcmTagFL.h">
      <Filter>Header Files</Filter>
    </ClInclude>
    <ClInclude Include="C:\Users\Gabriel\Documents\qt_lab\szpital\source\dcmcore\include\DcmTagGroup.h">
      <Filter>Header Files</Filter>
    </ClInclude>
    <ClInclude Include="C:\Users\Gabriel\Documents\qt_lab\szpital\source\dcmcore\include\DcmTagIS.h">
      <Filter>Header Files</Filter>
    </ClInclude>
    <ClInclude Include="C:\Users\Gabriel\Documents\qt_lab\szpital\source\dcmcore\include\DcmTagItem.h">
      <Filter>Header Files</Filter>
    </ClInclude>
    <ClInclude Include="C:\Users\Gabriel\Documents\qt_lab\szpital\source\dcmcore\include\DcmTagKey.h">
      <Filter>Header Files</Filter>
    </ClInclude>
    <ClInclude Include="C:\Users\Gabriel\Documents\qt_lab\szpital\source\dcmcore\include\DcmTagLO.h">
      <Filter>Header Files</Filter>
    </ClInclude>
    <ClInclude Include="C:\Users\Gabriel\Documents\qt_lab\szpital\source\dcmcore\include\DcmTagLT.h">
      <Filter>Header Files</Filter>
    </ClInclude>
    <ClInclude Include="C:\Users\Gabriel\Documents\qt_lab\szpital\source\dcmcore\include\DcmTagList.h">
      <Filter>Header Files</Filter>
    </ClInclude>
    <ClInclude Include="C:\Users\Gabriel\Documents\qt_lab\szpital\source\dcmcore\include\DcmTagPN.h">
      <Filter>Header Files</Filter>
    </ClInclude>
    <ClInclude Include="C:\Users\Gabriel\Documents\qt_lab\szpital\source\dcmcore\include\DcmTagPixelData.h">
      <Filter>Header Files</Filter>
    </ClInclude>
    <ClInclude Include="C:\Users\Gabriel\Documents\qt_lab\szpital\source\dcmcore\include\DcmTagPixelDataItem.h">
      <Filter>Header Files</Filter>
    </ClInclude>
    <ClInclude Include="C:\Users\Gabriel\Documents\qt_lab\szpital\source\dcmcore\include\DcmTagSH.h">
      <Filter>Header Files</Filter>
    </ClInclude>
    <ClInclude Include="C:\Users\Gabriel\Documents\qt_lab\szpital\source\dcmcore\include\DcmTagSL.h">
      <Filter>Header Files</Filter>
    </ClInclude>
    <ClInclude Include="C:\Users\Gabriel\Documents\qt_lab\szpital\source\dcmcore\include\DcmTagSQ.h">
      <Filter>Header Files</Filter>
    </ClInclude>
    <ClInclude Include="C:\Users\Gabriel\Documents\qt_lab\szpital\source\dcmcore\include\DcmTagSS.h">
      <Filter>Header Files</Filter>
    </ClInclude>
    <ClInclude Include="C:\Users\Gabriel\Documents\qt_lab\szpital\source\dcmcore\include\DcmTagST.h">
      <Filter>Header Files</Filter>
    </ClInclude>
    <ClInclude Include="C:\Users\Gabriel\Documents\qt_lab\szpital\source\dcmcore\include\DcmTagString.h">
      <Filter>Header Files</Filter>
    </ClInclude>
    <ClInclude Include="C:\Users\Gabriel\Documents\qt_lab\szpital\source\dcmcore\include\DcmTagTM.h">
      <Filter>Header Files</Filter>
    </ClInclude>
    <ClInclude Include="C:\Users\Gabriel\Documents\qt_lab\szpital\source\dcmcore\include\DcmTagUI.h">
      <Filter>Header Files</Filter>
    </ClInclude>
    <ClInclude Include="C:\Users\Gabriel\Documents\qt_lab\szpital\source\dcmcore\include\DcmTagUL.h">
      <Filter>Header Files</Filter>
    </ClInclude>
    <ClInclude Include="C:\Users\Gabriel\Documents\qt_lab\szpital\source\dcmcore\include\DcmTagUS.h">
      <Filter>Header Files</Filter>
    </ClInclude>
    <ClInclude Include="C:\Users\Gabriel\Documents\qt_lab\szpital\source\dcmcore\include\DcmTagUT.h">
      <Filter>Header Files</Filter>
    </ClInclude>
    <ClInclude Include="C:\Users\Gabriel\Documents\qt_lab\szpital\source\dcmcore\include\DcmTransferSyntax.h">
      <Filter>Header Files</Filter>
    </ClInclude>
    <ClInclude Include="C:\Users\Gabriel\Documents\qt_lab\szpital\source\dcmcore\include\DcmTypes.h">
      <Filter>Header Files</Filter>
    </ClInclude>
    <ClInclude Include="C:\Users\Gabriel\Documents\qt_lab\szpital\source\dcmcore\include\DcmVr.h">
      <Filter>Header Files</Filter>
    </ClInclude>
    <ClInclude Include="C:\Users\Gabriel\Documents\qt_lab\szpital\source\dcmcore\include\DcmWriter.h">
      <Filter>Header Files</Filter>
    </ClInclude>
  </ItemGroup>
  <ItemGroup>
    <CustomBuild Include="C:\Users\Gabriel\Documents\qt_lab\szpital\source\dcmcore\resources\dcmcore.qrc" />
    <CustomBuild Include="C:\Users\Gabriel\Documents\qt_lab\szpital\source\dcmcore\CMakeLists.txt" />
  </ItemGroup>
  <ItemGroup>
    <Filter Include="Header Files">
      <UniqueIdentifier>{5A7ADF41-5A4D-3C4A-B036-EA86AE74CD11}</UniqueIdentifier>
    </Filter>
    <Filter Include="Source Files">
      <UniqueIdentifier>{65A8D37F-8827-3C12-AB02-78D45007EF6A}</UniqueIdentifier>
    </Filter>
  </ItemGroup>
</Project>
