<?xml version="1.0" encoding="utf-8"?>
<Project ToolsVersion="17.0" xmlns="http://schemas.microsoft.com/developer/msbuild/2003">
  <ItemGroup>
    <CustomBuild Include="C:\Users\Gabriel\Documents\qt_lab\szpital_b\CMakeFiles\53571acb4fbcddaa38d86561bf513c24\PACKAGE_force.rule">
      <Filter>CMake Rules</Filter>
    </CustomBuild>
  </ItemGroup>
  <ItemGroup>
    <Filter Include="CMake Rules">
      <UniqueIdentifier>{B40A7D1D-C05E-3CB2-BCE9-2879FFB4DDAA}</UniqueIdentifier>
    </Filter>
  </ItemGroup>
</Project>
